{
  "nodes": {
    "nixpkgs": {
      "locked": {
        "lastModified": 1789684949,
        "narHash": "sha256-ZKhUe/2IJUq1JhKxKMu8rbkgSGmPP2ZCqlIPn40aGCM=",
        "rev": "e554fab72f81915600f3f449b786fd9af40439a5",
        "revCount": 1075591,
        "type": "tarball",
        "url": "https://api.flakehub.com/f/pinned/NixOS/nixpkgs/0.1.1075591%2Brev-e554fab72f81915600f3f449b786fd9af40439a5/01a0b4ae-67a4-7650-8720-19ca7b25e9b6/source.tar.gz"
      },
      "original": {
        "type": "tarball",
        "url": "https://flakehub.com/f/NixOS/nixpkgs/0.1"
      }
    },
    "root": {
      "inputs": {
        "nixpkgs": "nixpkgs",
        "rust-overlay": "rust-overlay"
      }
    },
    "rust-overlay": {
      "inputs": {
        "nixpkgs": [
          "nixpkgs"
        ]
      },
      "locked": {
        "lastModified": 1789802016,
        "narHash": "sha256-QVFfArbYaQMGK4dFV+5RUL72Ci+hNHVhaF/R9qJfDhs=",
        "owner": "oxalica",
        "repo": "rust-overlay",
        "rev": "26a71e661c47bd21a05d06fec749f3f7c75e9d12",
        "type": "github"
      },
      "original": {
        "owner": "oxalica",
        "repo": "rust-overlay",
        "type": "github"
      }
    }
  },
  "root": "root",
  "version": 7
}
