{
  "version": "1",
  "remote": {
    "https://raw.githubusercontent.com/harehare/ansi.mq/v0.1.0/ansi.mq": "3b27c7007eea55ce74b68fe34172d9705cfe2f4b048c085bf0dde1e95cd45ebc",
    "https://raw.githubusercontent.com/harehare/badge.mq/v0.1.0/badge.mq": "8e6e4f1639f9d12822abcd92c98b622a08d39f510ac9c3a04cfaf41d737a9d07",
    "https://raw.githubusercontent.com/harehare/case.mq/v0.1.0/case.mq": "e522b8ba95fb13d66bb78a4112e4df71d8a308e157b7b237c995bcc04b72bfd9",
    "https://raw.githubusercontent.com/harehare/changelog.mq/v0.1.0/changelog.mq": "c27b2a57886b6213001742ddf1174833cf016ee8f2e0cc51217c679bc3a8047b",
    "https://raw.githubusercontent.com/harehare/codeowners.mq/v0.1.0/codeowners.mq": "a694f95765111478c842dcce36a383f96c503e6b6783775746210b7f11e78940",
    "https://raw.githubusercontent.com/harehare/diff.mq/v0.1.0/diff.mq": "0702ef73eb55102a69da1e54f67d52091eb645983c2e79b6e165f7d68267f3bc",
    "https://raw.githubusercontent.com/harehare/dot.mq/v0.1.0/dot.mq": "2a30ba328c0bb3f4551e7f5ebda5edfb8535df857163ec534301255662898f04",
    "https://raw.githubusercontent.com/harehare/dotenv.mq/v0.1.0/dotenv.mq": "a87a709e0c2ac4d044f1aad12d4ffc26d1615353f0809e006ff533447df3d6a3",
    "https://raw.githubusercontent.com/harehare/feed.mq/v0.1.0/feed.mq": "1469a0b86a68d5f6848f370a88ad0f46b51d69aa85e14c2e900174cd71c33e3b",
    "https://raw.githubusercontent.com/harehare/graphql.mq/v0.1.0/graphql.mq": "562fcd4d5660f5a059114340bcee7e83e1df58992aec638ec40f129ee96605dd",
    "https://raw.githubusercontent.com/harehare/ini.mq/v0.1.0/ini.mq": "c1c7490bb7dc2ecdec8423096c32eaef24c6038f90ff931c51430591a50b7290",
    "https://raw.githubusercontent.com/harehare/json5.mq/v0.1.0/json5.mq": "1eec64580544cb5e7c97cedc1bab1bd1bb0bdfa9ada94097b1247e31c3391a69",
    "https://raw.githubusercontent.com/harehare/jsonpath.mq/v0.1.0/jsonpath.mq": "dcaa70a24a154a02e6a180664dbd8c15e5ed49deec9628cf03fd4a852ca7bb30",
    "https://raw.githubusercontent.com/harehare/jwt.mq/v0.1.0/jwt.mq": "07c97f8059fe3f867cac44394465ed879afbef15460f0d21755714e662aadf3e",
    "https://raw.githubusercontent.com/harehare/kdl.mq/v0.1.0/kdl.mq": "6a2415610cb8e7d844087c92019d554872df61341b624648a7ca6350a96afdd3",
    "https://raw.githubusercontent.com/harehare/mermaid.mq/v0.1.0/mermaid.mq": "1d9bcd328f96ec8fe0b29ba233369df6b3fe9f7b9b0d6246b30fd5aaa3a9b56a",
    "https://raw.githubusercontent.com/harehare/ndjson.mq/v0.1.0/ndjson.mq": "f561891310fdd5603439e18690c4046fe634331ed43e1585319c9f8778fe4c95",
    "https://raw.githubusercontent.com/harehare/pkl.mq/v0.1.0/pkl.mq": "639a6488c322ff48a7a66720d72d7da80d5bceb6003ae0705791e098230b42e8",
    "https://raw.githubusercontent.com/harehare/qrcode.mq/v0.1.0/qrcode.mq": "13f888666d8ebf0985462d7beeee96c60724278ecf572992d5047081d47efc95",
    "https://raw.githubusercontent.com/harehare/sparkline.mq/v0.1.0/sparkline.mq": "bc0fb13393b80c01bb40c18a7c112cb4d37cb434dfbec572335ce51ce91a29a2",
    "https://raw.githubusercontent.com/harehare/tree.mq/v0.1.0/tree.mq": "89d6df8f1bc66fc62c81baa9b3ef16be6627ff85c1ded2e9681f86ec367d11d3",
    "https://raw.githubusercontent.com/harehare/url.mq/v0.1.0/url.mq": "26157926fc3c5e3fbbb7abf8479adc566d3d2cd972b7aca17992b0e2a3c2b205"
  }
}
