{
  "name": "packages",
  "lockfileVersion": 3,
  "requires": true,
  "packages": {
    "": {
      "dependencies": {
        "mq-web": "^0.5.2"
      }
    },
    "node_modules/mq-web": {
      "version": "0.5.2",
      "resolved": "https://registry.npmjs.org/mq-web/-/mq-web-0.5.2.tgz",
      "integrity": "sha512-pbq1blYr0nybxHyPybTOA+NiRjCPayt2hm/wY5ZbHoUvtqxqbKlc5wtXi/AT3otKkIMeTm52c7cud1rr8wr91A==",
      "license": "MIT"
    }
  }
}
